
Microsoft Visual Studio Solution File, Format Version 12.00
# Visual Studio 2012
Project("{FAE04EC0-301F-11D3-BF4B-00C04F79EFBC}") = "LegayCode.Web", "LegayCode.Web\LegayCode.Web.csproj", "{BF5D6C20-2C49-4B98-B69D-C7FE8E5D2513}"
EndProject
Project("{FAE04EC0-301F-11D3-BF4B-00C04F79EFBC}") = "LegayCode.Tests", "LegayCode.Tests\LegayCode.Tests.csproj", "{7A6EF5DA-0D8D-48CD-BFAC-AAA78D16C7E1}"
EndProject
Project("{FAE04EC0-301F-11D3-BF4B-00C04F79EFBC}") = "LegayCode.Bll", "LegayCode.Bll\LegayCode.Bll.csproj", "{13B82233-B223-48D9-A6BA-18FD021BCE4C}"
EndProject
Project("{2150E333-8FDC-42A3-9474-1A3956D46DE8}") = "Snippets", "Snippets", "{80D9D511-427C-4039-90DB-DD4CDC0C923C}"
	ProjectSection(SolutionItems) = preProject
		BookBuilder.txt = BookBuilder.txt
	EndProjectSection
EndProject
Global
	GlobalSection(SolutionConfigurationPlatforms) = preSolution
		Debug|Any CPU = Debug|Any CPU
		Release|Any CPU = Release|Any CPU
	EndGlobalSection
	GlobalSection(ProjectConfigurationPlatforms) = postSolution
		{BF5D6C20-2C49-4B98-B69D-C7FE8E5D2513}.Debug|Any CPU.ActiveCfg = Debug|Any CPU
		{BF5D6C20-2C49-4B98-B69D-C7FE8E5D2513}.Debug|Any CPU.Build.0 = Debug|Any CPU
		{BF5D6C20-2C49-4B98-B69D-C7FE8E5D2513}.Release|Any CPU.ActiveCfg = Release|Any CPU
		{BF5D6C20-2C49-4B98-B69D-C7FE8E5D2513}.Release|Any CPU.Build.0 = Release|Any CPU
		{7A6EF5DA-0D8D-48CD-BFAC-AAA78D16C7E1}.Debug|Any CPU.ActiveCfg = Debug|Any CPU
		{7A6EF5DA-0D8D-48CD-BFAC-AAA78D16C7E1}.Debug|Any CPU.Build.0 = Debug|Any CPU
		{7A6EF5DA-0D8D-48CD-BFAC-AAA78D16C7E1}.Release|Any CPU.ActiveCfg = Release|Any CPU
		{7A6EF5DA-0D8D-48CD-BFAC-AAA78D16C7E1}.Release|Any CPU.Build.0 = Release|Any CPU
		{13B82233-B223-48D9-A6BA-18FD021BCE4C}.Debug|Any CPU.ActiveCfg = Debug|Any CPU
		{13B82233-B223-48D9-A6BA-18FD021BCE4C}.Debug|Any CPU.Build.0 = Debug|Any CPU
		{13B82233-B223-48D9-A6BA-18FD021BCE4C}.Release|Any CPU.ActiveCfg = Release|Any CPU
		{13B82233-B223-48D9-A6BA-18FD021BCE4C}.Release|Any CPU.Build.0 = Release|Any CPU
	EndGlobalSection
	GlobalSection(SolutionProperties) = preSolution
		HideSolutionNode = FALSE
	EndGlobalSection
EndGlobal
